
Microsoft Visual Studio Solution File, Format Version 12.00
# Visual Studio 14
VisualStudioVersion = 14.0.25123.0
MinimumVisualStudioVersion = 10.0.40219.1
Project("{FAE04EC0-301F-11D3-BF4B-00C04F79EFBC}") = "LSVWGPT", "LSVWGPT\LSVWGPT.csproj", "{B000121A-894B-42AD-A339-A239A8D54280}"
EndProject
Project("{FAE04EC0-301F-11D3-BF4B-00C04F79EFBC}") = "LSLib", "LSLib\LSLib.csproj", "{101080C4-6502-4949-90D1-FE725C396D1E}"
EndProject
Project("{FAE04EC0-301F-11D3-BF4B-00C04F79EFBC}") = "JXC", "JXC\JXC.csproj", "{DB433CA2-FB6A-4F0B-AFC7-2C4A3AA2451C}"
EndProject
Global
	GlobalSection(SolutionConfigurationPlatforms) = preSolution
		Debug|Any CPU = Debug|Any CPU
		Release|Any CPU = Release|Any CPU
	EndGlobalSection
	GlobalSection(ProjectConfigurationPlatforms) = postSolution
		{B000121A-894B-42AD-A339-A239A8D54280}.Debug|Any CPU.ActiveCfg = Debug|Any CPU
		{B000121A-894B-42AD-A339-A239A8D54280}.Debug|Any CPU.Build.0 = Debug|Any CPU
		{B000121A-894B-42AD-A339-A239A8D54280}.Release|Any CPU.ActiveCfg = Release|Any CPU
		{B000121A-894B-42AD-A339-A239A8D54280}.Release|Any CPU.Build.0 = Release|Any CPU
		{101080C4-6502-4949-90D1-FE725C396D1E}.Debug|Any CPU.ActiveCfg = Debug|Any CPU
		{101080C4-6502-4949-90D1-FE725C396D1E}.Debug|Any CPU.Build.0 = Debug|Any CPU
		{101080C4-6502-4949-90D1-FE725C396D1E}.Release|Any CPU.ActiveCfg = Release|Any CPU
		{101080C4-6502-4949-90D1-FE725C396D1E}.Release|Any CPU.Build.0 = Release|Any CPU
		{DB433CA2-FB6A-4F0B-AFC7-2C4A3AA2451C}.Debug|Any CPU.ActiveCfg = Debug|Any CPU
		{DB433CA2-FB6A-4F0B-AFC7-2C4A3AA2451C}.Debug|Any CPU.Build.0 = Debug|Any CPU
		{DB433CA2-FB6A-4F0B-AFC7-2C4A3AA2451C}.Release|Any CPU.ActiveCfg = Release|Any CPU
		{DB433CA2-FB6A-4F0B-AFC7-2C4A3AA2451C}.Release|Any CPU.Build.0 = Release|Any CPU
	EndGlobalSection
	GlobalSection(SolutionProperties) = preSolution
		HideSolutionNode = FALSE
	EndGlobalSection
EndGlobal
