
Microsoft Visual Studio Solution File, Format Version 12.00
# Visual Studio 14
VisualStudioVersion = 14.0.25123.0
MinimumVisualStudioVersion = 10.0.40219.1
Project("{E24C65DC-7377-472B-9ABA-BC803B73C61A}") = "asp.net(csharp)", ".", "{6C0A0587-CBB7-40A9-8CDF-D36CF9FB8629}"
	ProjectSection(WebsiteProperties) = preProject
		TargetFrameworkMoniker = ".NETFramework,Version%3Dv4.0"
		Debug.AspNetCompiler.VirtualPath = "/WebReport"
		Debug.AspNetCompiler.PhysicalPath = "..\asp.net(csharp)\"
		Debug.AspNetCompiler.TargetPath = "PrecompiledWeb\WebReport\"
		Debug.AspNetCompiler.Updateable = "true"
		Debug.AspNetCompiler.ForceOverwrite = "true"
		Debug.AspNetCompiler.FixedNames = "false"
		Debug.AspNetCompiler.Debug = "True"
		Release.AspNetCompiler.VirtualPath = "/WebReport"
		Release.AspNetCompiler.PhysicalPath = "..\asp.net(csharp)\"
		Release.AspNetCompiler.TargetPath = "PrecompiledWeb\WebReport\"
		Release.AspNetCompiler.Updateable = "true"
		Release.AspNetCompiler.ForceOverwrite = "true"
		Release.AspNetCompiler.FixedNames = "false"
		Release.AspNetCompiler.Debug = "False"
		VWDPort = "52877"
		SlnRelativePath = "..\asp.net(csharp)\"
		DefaultWebSiteLanguage = "Visual C#"
	EndProjectSection
EndProject
Global
	GlobalSection(SolutionConfigurationPlatforms) = preSolution
		Debug|.NET = Debug|.NET
	EndGlobalSection
	GlobalSection(ProjectConfigurationPlatforms) = postSolution
		{6C0A0587-CBB7-40A9-8CDF-D36CF9FB8629}.Debug|.NET.ActiveCfg = Debug|Any CPU
		{6C0A0587-CBB7-40A9-8CDF-D36CF9FB8629}.Debug|.NET.Build.0 = Debug|Any CPU
	EndGlobalSection
	GlobalSection(SolutionProperties) = preSolution
		HideSolutionNode = FALSE
	EndGlobalSection
EndGlobal
