
Microsoft Visual Studio Solution File, Format Version 9.00
# Visual Studio 2005
Project("{E24C65DC-7377-472B-9ABA-BC803B73C61A}") = "D:\...\asp.net(vb.net)\", ".", "{83C2AC83-0A41-4752-BFD7-B8AA62F92407}"
	ProjectSection(WebsiteProperties) = preProject
		Debug.AspNetCompiler.VirtualPath = "/asp.net(vb__)"
		Debug.AspNetCompiler.PhysicalPath = "..\asp.net(vb__)\"
		Debug.AspNetCompiler.TargetPath = "PrecompiledWeb\asp.net(vb__)\"
		Debug.AspNetCompiler.Updateable = "true"
		Debug.AspNetCompiler.ForceOverwrite = "true"
		Debug.AspNetCompiler.FixedNames = "false"
		Debug.AspNetCompiler.Debug = "True"
		Release.AspNetCompiler.VirtualPath = "/asp.net(vb__)"
		Release.AspNetCompiler.PhysicalPath = "..\asp.net(vb__)\"
		Release.AspNetCompiler.TargetPath = "PrecompiledWeb\asp.net(vb__)\"
		Release.AspNetCompiler.Updateable = "true"
		Release.AspNetCompiler.ForceOverwrite = "true"
		Release.AspNetCompiler.FixedNames = "false"
		Release.AspNetCompiler.Debug = "False"
		VWDPort = "3835"
	EndProjectSection
EndProject
Global
	GlobalSection(SolutionConfigurationPlatforms) = preSolution
		Debug|.NET = Debug|.NET
	EndGlobalSection
	GlobalSection(ProjectConfigurationPlatforms) = postSolution
		{83C2AC83-0A41-4752-BFD7-B8AA62F92407}.Debug|.NET.ActiveCfg = Debug|.NET
		{83C2AC83-0A41-4752-BFD7-B8AA62F92407}.Debug|.NET.Build.0 = Debug|.NET
	EndGlobalSection
	GlobalSection(SolutionProperties) = preSolution
		HideSolutionNode = FALSE
	EndGlobalSection
EndGlobal
